{
  "object": {
    "pins": [
      {
        "package": "FLAnimatedImage",
        "repositoryURL": "https://github.com/baseco/FLAnimatedImage.git",
        "state": {
          "branch": null,
          "revision": "a57dae359597c89e49a2095de79a15709916a694",
          "version": null
        }
      }
    ]
  },
  "version": 1
}
